// !$*UTF8*$!
{
	archiveVersion = 1;
	classes = {
	};
	objectVersion = 55;
	objects = {

/* Begin PBXBuildFile section */
		7D82C2B73FB6B3E6D49CD24C /* Pods_bakal.framework in Frameworks */ = {isa = PBXBuildFile; fileRef = 384315BBADD5EBAFADAD98E9 /* Pods_bakal.framework */; };
		8511FF2C2838129B0093840F /* NewOrderVC.swift in Sources */ = {isa = PBXBuildFile; fileRef = 8511FF2B2838129B0093840F /* NewOrderVC.swift */; };
		8511FF2E283830610093840F /* FavoriteStoresViewController.swift in Sources */ = {isa = PBXBuildFile; fileRef = 8511FF2D283830610093840F /* FavoriteStoresViewController.swift */; };
		853FDF6D280453F700F8A2A7 /* GoogleService-Info.plist in Resources */ = {isa = PBXBuildFile; fileRef = 853FDF6C280453F700F8A2A7 /* GoogleService-Info.plist */; };
		85543785280974480069A811 /* NewProductVC.swift in Sources */ = {isa = PBXBuildFile; fileRef = 85543784280974480069A811 /* NewProductVC.swift */; };
		855E1D7E2806E670001BC90D /* MyStoreCategoryTVCell.swift in Sources */ = {isa = PBXBuildFile; fileRef = 855E1D7D2806E670001BC90D /* MyStoreCategoryTVCell.swift */; };
		8597A7A1280422F000C97BF4 /* AppDelegate.swift in Sources */ = {isa = PBXBuildFile; fileRef = 8597A7A0280422F000C97BF4 /* AppDelegate.swift */; };
		8597A7A3280422F000C97BF4 /* SceneDelegate.swift in Sources */ = {isa = PBXBuildFile; fileRef = 8597A7A2280422F000C97BF4 /* SceneDelegate.swift */; };
		8597A7A8280422F000C97BF4 /* Main.storyboard in Resources */ = {isa = PBXBuildFile; fileRef = 8597A7A6280422F000C97BF4 /* Main.storyboard */; };
		8597A7AA280422F100C97BF4 /* Assets.xcassets in Resources */ = {isa = PBXBuildFile; fileRef = 8597A7A9280422F100C97BF4 /* Assets.xcassets */; };
		8597A7AD280422F100C97BF4 /* LaunchScreen.storyboard in Resources */ = {isa = PBXBuildFile; fileRef = 8597A7AB280422F100C97BF4 /* LaunchScreen.storyboard */; };
		8597A7C62804269A00C97BF4 /* SignInVC.swift in Sources */ = {isa = PBXBuildFile; fileRef = 8597A7C52804269A00C97BF4 /* SignInVC.swift */; };
		8597A7C8280426A500C97BF4 /* SignUpVC.swift in Sources */ = {isa = PBXBuildFile; fileRef = 8597A7C7280426A500C97BF4 /* SignUpVC.swift */; };
		8597A7CA280426C900C97BF4 /* OrdersVC.swift in Sources */ = {isa = PBXBuildFile; fileRef = 8597A7C9280426C900C97BF4 /* OrdersVC.swift */; };
		8597A7CC280426DA00C97BF4 /* MyMarketVC.swift in Sources */ = {isa = PBXBuildFile; fileRef = 8597A7CB280426DA00C97BF4 /* MyMarketVC.swift */; };
		8597A7CE280426E600C97BF4 /* SettingsVC.swift in Sources */ = {isa = PBXBuildFile; fileRef = 8597A7CD280426E600C97BF4 /* SettingsVC.swift */; };
		8597A7D02804270600C97BF4 /* OrderViewController.swift in Sources */ = {isa = PBXBuildFile; fileRef = 8597A7CF2804270600C97BF4 /* OrderViewController.swift */; };
		8597A7D22804271F00C97BF4 /* MapViewController.swift in Sources */ = {isa = PBXBuildFile; fileRef = 8597A7D12804271F00C97BF4 /* MapViewController.swift */; };
		8597A7D42804272C00C97BF4 /* CartViewController.swift in Sources */ = {isa = PBXBuildFile; fileRef = 8597A7D32804272C00C97BF4 /* CartViewController.swift */; };
		8597A7D62804273600C97BF4 /* ProfileViewController.swift in Sources */ = {isa = PBXBuildFile; fileRef = 8597A7D52804273600C97BF4 /* ProfileViewController.swift */; };
		8597A7D82804274700C97BF4 /* Models.swift in Sources */ = {isa = PBXBuildFile; fileRef = 8597A7D72804274700C97BF4 /* Models.swift */; };
		8597A7DA2804275A00C97BF4 /* AuthManager.swift in Sources */ = {isa = PBXBuildFile; fileRef = 8597A7D92804275A00C97BF4 /* AuthManager.swift */; };
		8597A7DC2804276200C97BF4 /* DatabaseManager.swift in Sources */ = {isa = PBXBuildFile; fileRef = 8597A7DB2804276200C97BF4 /* DatabaseManager.swift */; };
		8597A7DE2804277200C97BF4 /* StorageManager.swift in Sources */ = {isa = PBXBuildFile; fileRef = 8597A7DD2804277200C97BF4 /* StorageManager.swift */; };
		8597A7E02804278000C97BF4 /* Extensions.swift in Sources */ = {isa = PBXBuildFile; fileRef = 8597A7DF2804278000C97BF4 /* Extensions.swift */; };
		85A4A0BB284108DE00E825FA /* CartTableViewCell.swift in Sources */ = {isa = PBXBuildFile; fileRef = 85A4A0BA284108DE00E825FA /* CartTableViewCell.swift */; };
		85A4A0BD28416DE500E825FA /* AlertAnimate.swift in Sources */ = {isa = PBXBuildFile; fileRef = 85A4A0BC28416DE500E825FA /* AlertAnimate.swift */; };
		85D91E932851F11700F6B8B9 /* ShowMap.swift in Sources */ = {isa = PBXBuildFile; fileRef = 85D91E922851F11700F6B8B9 /* ShowMap.swift */; };
		85D91E9528522E5E00F6B8B9 /* CustomerDetail.swift in Sources */ = {isa = PBXBuildFile; fileRef = 85D91E9428522E5E00F6B8B9 /* CustomerDetail.swift */; };
		85DA035B283D0BA90085C45C /* ProductCollectionViewCell.swift in Sources */ = {isa = PBXBuildFile; fileRef = 85DA0359283D0BA90085C45C /* ProductCollectionViewCell.swift */; };
		85DA035E283D0F590085C45C /* HeaderCollectionReusableView.swift in Sources */ = {isa = PBXBuildFile; fileRef = 85DA035D283D0F590085C45C /* HeaderCollectionReusableView.swift */; };
		85ECD8D228511E6700EFBC5D /* OrderDetailChange.swift in Sources */ = {isa = PBXBuildFile; fileRef = 85ECD8D128511E6700EFBC5D /* OrderDetailChange.swift */; };
		85FB35D5281189D000E7E5CF /* ProductTableViewCell.swift in Sources */ = {isa = PBXBuildFile; fileRef = 85FB35D3281189D000E7E5CF /* ProductTableViewCell.swift */; };
		85FB35D6281189D000E7E5CF /* ProductTableViewCell.xib in Resources */ = {isa = PBXBuildFile; fileRef = 85FB35D4281189D000E7E5CF /* ProductTableViewCell.xib */; };
		85FB35DB281193B700E7E5CF /* ProductsCollectionViewCell.swift in Sources */ = {isa = PBXBuildFile; fileRef = 85FB35D9281193B700E7E5CF /* ProductsCollectionViewCell.swift */; };
		85FB35DC281193B700E7E5CF /* ProductsCollectionViewCell.xib in Resources */ = {isa = PBXBuildFile; fileRef = 85FB35DA281193B700E7E5CF /* ProductsCollectionViewCell.xib */; };
		85FCFCCC284CDC7900B4F9EA /* OrderDetail.swift in Sources */ = {isa = PBXBuildFile; fileRef = 85FCFCCB284CDC7800B4F9EA /* OrderDetail.swift */; };
		85FCFCCE284CF51300B4F9EA /* OrderTableViewCell.swift in Sources */ = {isa = PBXBuildFile; fileRef = 85FCFCCD284CF51300B4F9EA /* OrderTableViewCell.swift */; };
/* End PBXBuildFile section */

/* Begin PBXFileReference section */
		384315BBADD5EBAFADAD98E9 /* Pods_bakal.framework */ = {isa = PBXFileReference; explicitFileType = wrapper.framework; includeInIndex = 0; path = Pods_bakal.framework; sourceTree = BUILT_PRODUCTS_DIR; };
		8511FF2B2838129B0093840F /* NewOrderVC.swift */ = {isa = PBXFileReference; lastKnownFileType = sourcecode.swift; path = NewOrderVC.swift; sourceTree = "<group>"; };
		8511FF2D283830610093840F /* FavoriteStoresViewController.swift */ = {isa = PBXFileReference; lastKnownFileType = sourcecode.swift; path = FavoriteStoresViewController.swift; sourceTree = "<group>"; };
		853FDF6C280453F700F8A2A7 /* GoogleService-Info.plist */ = {isa = PBXFileReference; lastKnownFileType = text.plist; path = "GoogleService-Info.plist"; sourceTree = SOURCE_ROOT; };
		85543784280974480069A811 /* NewProductVC.swift */ = {isa = PBXFileReference; lastKnownFileType = sourcecode.swift; path = NewProductVC.swift; sourceTree = "<group>"; };
		855E1D7D2806E670001BC90D /* MyStoreCategoryTVCell.swift */ = {isa = PBXFileReference; lastKnownFileType = sourcecode.swift; path = MyStoreCategoryTVCell.swift; sourceTree = "<group>"; };
		8597A79D280422F000C97BF4 /* bakal.app */ = {isa = PBXFileReference; explicitFileType = wrapper.application; includeInIndex = 0; path = bakal.app; sourceTree = BUILT_PRODUCTS_DIR; };
		8597A7A0280422F000C97BF4 /* AppDelegate.swift */ = {isa = PBXFileReference; lastKnownFileType = sourcecode.swift; path = AppDelegate.swift; sourceTree = "<group>"; };
		8597A7A2280422F000C97BF4 /* SceneDelegate.swift */ = {isa = PBXFileReference; lastKnownFileType = sourcecode.swift; path = SceneDelegate.swift; sourceTree = "<group>"; };
		8597A7A7280422F000C97BF4 /* Base */ = {isa = PBXFileReference; lastKnownFileType = file.storyboard; name = Base; path = Base.lproj/Main.storyboard; sourceTree = "<group>"; };
		8597A7A9280422F100C97BF4 /* Assets.xcassets */ = {isa = PBXFileReference; lastKnownFileType = folder.assetcatalog; path = Assets.xcassets; sourceTree = "<group>"; };
		8597A7AC280422F100C97BF4 /* Base */ = {isa = PBXFileReference; lastKnownFileType = file.storyboard; name = Base; path = Base.lproj/LaunchScreen.storyboard; sourceTree = "<group>"; };
		8597A7AE280422F100C97BF4 /* Info.plist */ = {isa = PBXFileReference; lastKnownFileType = text.plist.xml; path = Info.plist; sourceTree = "<group>"; };
		8597A7C52804269A00C97BF4 /* SignInVC.swift */ = {isa = PBXFileReference; lastKnownFileType = sourcecode.swift; path = SignInVC.swift; sourceTree = "<group>"; };
		8597A7C7280426A500C97BF4 /* SignUpVC.swift */ = {isa = PBXFileReference; lastKnownFileType = sourcecode.swift; path = SignUpVC.swift; sourceTree = "<group>"; };
		8597A7C9280426C900C97BF4 /* OrdersVC.swift */ = {isa = PBXFileReference; lastKnownFileType = sourcecode.swift; path = OrdersVC.swift; sourceTree = "<group>"; };
		8597A7CB280426DA00C97BF4 /* MyMarketVC.swift */ = {isa = PBXFileReference; lastKnownFileType = sourcecode.swift; path = MyMarketVC.swift; sourceTree = "<group>"; };
		8597A7CD280426E600C97BF4 /* SettingsVC.swift */ = {isa = PBXFileReference; lastKnownFileType = sourcecode.swift; path = SettingsVC.swift; sourceTree = "<group>"; };
		8597A7CF2804270600C97BF4 /* OrderViewController.swift */ = {isa = PBXFileReference; lastKnownFileType = sourcecode.swift; path = OrderViewController.swift; sourceTree = "<group>"; };
		8597A7D12804271F00C97BF4 /* MapViewController.swift */ = {isa = PBXFileReference; lastKnownFileType = sourcecode.swift; path = MapViewController.swift; sourceTree = "<group>"; };
		8597A7D32804272C00C97BF4 /* CartViewController.swift */ = {isa = PBXFileReference; lastKnownFileType = sourcecode.swift; path = CartViewController.swift; sourceTree = "<group>"; };
		8597A7D52804273600C97BF4 /* ProfileViewController.swift */ = {isa = PBXFileReference; lastKnownFileType = sourcecode.swift; path = ProfileViewController.swift; sourceTree = "<group>"; };
		8597A7D72804274700C97BF4 /* Models.swift */ = {isa = PBXFileReference; lastKnownFileType = sourcecode.swift; path = Models.swift; sourceTree = "<group>"; };
		8597A7D92804275A00C97BF4 /* AuthManager.swift */ = {isa = PBXFileReference; lastKnownFileType = sourcecode.swift; path = AuthManager.swift; sourceTree = "<group>"; };
		8597A7DB2804276200C97BF4 /* DatabaseManager.swift */ = {isa = PBXFileReference; lastKnownFileType = sourcecode.swift; path = DatabaseManager.swift; sourceTree = "<group>"; };
		8597A7DD2804277200C97BF4 /* StorageManager.swift */ = {isa = PBXFileReference; lastKnownFileType = sourcecode.swift; path = StorageManager.swift; sourceTree = "<group>"; };
		8597A7DF2804278000C97BF4 /* Extensions.swift */ = {isa = PBXFileReference; lastKnownFileType = sourcecode.swift; path = Extensions.swift; sourceTree = "<group>"; };
		85A4A0BA284108DE00E825FA /* CartTableViewCell.swift */ = {isa = PBXFileReference; lastKnownFileType = sourcecode.swift; path = CartTableViewCell.swift; sourceTree = "<group>"; };
		85A4A0BC28416DE500E825FA /* AlertAnimate.swift */ = {isa = PBXFileReference; lastKnownFileType = sourcecode.swift; path = AlertAnimate.swift; sourceTree = "<group>"; };
		85D91E922851F11700F6B8B9 /* ShowMap.swift */ = {isa = PBXFileReference; lastKnownFileType = sourcecode.swift; path = ShowMap.swift; sourceTree = "<group>"; };
		85D91E9428522E5E00F6B8B9 /* CustomerDetail.swift */ = {isa = PBXFileReference; lastKnownFileType = sourcecode.swift; path = CustomerDetail.swift; sourceTree = "<group>"; };
		85DA0359283D0BA90085C45C /* ProductCollectionViewCell.swift */ = {isa = PBXFileReference; lastKnownFileType = sourcecode.swift; path = ProductCollectionViewCell.swift; sourceTree = "<group>"; };
		85DA035D283D0F590085C45C /* HeaderCollectionReusableView.swift */ = {isa = PBXFileReference; lastKnownFileType = sourcecode.swift; path = HeaderCollectionReusableView.swift; sourceTree = "<group>"; };
		85ECD8D128511E6700EFBC5D /* OrderDetailChange.swift */ = {isa = PBXFileReference; lastKnownFileType = sourcecode.swift; path = OrderDetailChange.swift; sourceTree = "<group>"; };
		85FB35D3281189D000E7E5CF /* ProductTableViewCell.swift */ = {isa = PBXFileReference; lastKnownFileType = sourcecode.swift; path = ProductTableViewCell.swift; sourceTree = "<group>"; };
		85FB35D4281189D000E7E5CF /* ProductTableViewCell.xib */ = {isa = PBXFileReference; lastKnownFileType = file.xib; path = ProductTableViewCell.xib; sourceTree = "<group>"; };
		85FB35D9281193B700E7E5CF /* ProductsCollectionViewCell.swift */ = {isa = PBXFileReference; lastKnownFileType = sourcecode.swift; path = ProductsCollectionViewCell.swift; sourceTree = "<group>"; };
		85FB35DA281193B700E7E5CF /* ProductsCollectionViewCell.xib */ = {isa = PBXFileReference; lastKnownFileType = file.xib; path = ProductsCollectionViewCell.xib; sourceTree = "<group>"; };
		85FCFCCB284CDC7800B4F9EA /* OrderDetail.swift */ = {isa = PBXFileReference; lastKnownFileType = sourcecode.swift; path = OrderDetail.swift; sourceTree = "<group>"; };
		85FCFCCD284CF51300B4F9EA /* OrderTableViewCell.swift */ = {isa = PBXFileReference; lastKnownFileType = sourcecode.swift; path = OrderTableViewCell.swift; sourceTree = "<group>"; };
		8BC06C602C09CB634FC0064B /* Pods-bakal.release.xcconfig */ = {isa = PBXFileReference; includeInIndex = 1; lastKnownFileType = text.xcconfig; name = "Pods-bakal.release.xcconfig"; path = "Target Support Files/Pods-bakal/Pods-bakal.release.xcconfig"; sourceTree = "<group>"; };
		BC90E8C3974BE25E6F8BDC74 /* Pods-bakal.debug.xcconfig */ = {isa = PBXFileReference; includeInIndex = 1; lastKnownFileType = text.xcconfig; name = "Pods-bakal.debug.xcconfig"; path = "Target Support Files/Pods-bakal/Pods-bakal.debug.xcconfig"; sourceTree = "<group>"; };
/* End PBXFileReference section */

/* Begin PBXFrameworksBuildPhase section */
		8597A79A280422F000C97BF4 /* Frameworks */ = {
			isa = PBXFrameworksBuildPhase;
			buildActionMask = 2147483647;
			files = (
				7D82C2B73FB6B3E6D49CD24C /* Pods_bakal.framework in Frameworks */,
			);
			runOnlyForDeploymentPostprocessing = 0;
		};
/* End PBXFrameworksBuildPhase section */

/* Begin PBXGroup section */
		4D7C4CD1239D30F0A41A6C52 /* Frameworks */ = {
			isa = PBXGroup;
			children = (
				384315BBADD5EBAFADAD98E9 /* Pods_bakal.framework */,
			);
			name = Frameworks;
			sourceTree = "<group>";
		};
		855E1D7C2806E496001BC90D /* Cells */ = {
			isa = PBXGroup;
			children = (
				85FCFCCD284CF51300B4F9EA /* OrderTableViewCell.swift */,
				858CF980283B8C39005E8243 /* Customer Cells */,
				85FB35D22811897D00E7E5CF /* Dealer Cells */,
			);
			path = Cells;
			sourceTree = "<group>";
		};
		858CF980283B8C39005E8243 /* Customer Cells */ = {
			isa = PBXGroup;
			children = (
				858CF984283BB939005E8243 /* Collection View Cells */,
				858CF981283BB8DB005E8243 /* Table View Cells */,
			);
			path = "Customer Cells";
			sourceTree = "<group>";
		};
		858CF981283BB8DB005E8243 /* Table View Cells */ = {
			isa = PBXGroup;
			children = (
				85A4A0BA284108DE00E825FA /* CartTableViewCell.swift */,
			);
			path = "Table View Cells";
			sourceTree = "<group>";
		};
		858CF984283BB939005E8243 /* Collection View Cells */ = {
			isa = PBXGroup;
			children = (
				85DA0359283D0BA90085C45C /* ProductCollectionViewCell.swift */,
				85DA035D283D0F590085C45C /* HeaderCollectionReusableView.swift */,
			);
			path = "Collection View Cells";
			sourceTree = "<group>";
		};
		8597A794280422F000C97BF4 = {
			isa = PBXGroup;
			children = (
				8597A79F280422F000C97BF4 /* bakal */,
				8597A79E280422F000C97BF4 /* Products */,
				B0BD8EB196C3715E0CD97839 /* Pods */,
				4D7C4CD1239D30F0A41A6C52 /* Frameworks */,
			);
			sourceTree = "<group>";
		};
		8597A79E280422F000C97BF4 /* Products */ = {
			isa = PBXGroup;
			children = (
				8597A79D280422F000C97BF4 /* bakal.app */,
			);
			name = Products;
			sourceTree = "<group>";
		};
		8597A79F280422F000C97BF4 /* bakal */ = {
			isa = PBXGroup;
			children = (
				8597A7B72804235B00C97BF4 /* Resources */,
				8597A7B42804231700C97BF4 /* Models */,
				8597A7B52804231F00C97BF4 /* Views */,
				8597A7B62804232D00C97BF4 /* Controllers */,
				8597A7AE280422F100C97BF4 /* Info.plist */,
			);
			path = bakal;
			sourceTree = "<group>";
		};
		8597A7B42804231700C97BF4 /* Models */ = {
			isa = PBXGroup;
			children = (
				8597A7D72804274700C97BF4 /* Models.swift */,
			);
			path = Models;
			sourceTree = "<group>";
		};
		8597A7B52804231F00C97BF4 /* Views */ = {
			isa = PBXGroup;
			children = (
				85E4368528563638003CCC6C /* General */,
				855E1D7C2806E496001BC90D /* Cells */,
				8597A7A9280422F100C97BF4 /* Assets.xcassets */,
				8597A7B8280423AC00C97BF4 /* Storyboards */,
			);
			path = Views;
			sourceTree = "<group>";
		};
		8597A7B62804232D00C97BF4 /* Controllers */ = {
			isa = PBXGroup;
			children = (
				8597A7BA2804240200C97BF4 /* Other */,
				8597A7BE2804244500C97BF4 /* Dealer */,
				8597A7BD2804242D00C97BF4 /* Customer */,
			);
			path = Controllers;
			sourceTree = "<group>";
		};
		8597A7B72804235B00C97BF4 /* Resources */ = {
			isa = PBXGroup;
			children = (
				853FDF6C280453F700F8A2A7 /* GoogleService-Info.plist */,
				8597A7A0280422F000C97BF4 /* AppDelegate.swift */,
				8597A7A2280422F000C97BF4 /* SceneDelegate.swift */,
				8597A7D92804275A00C97BF4 /* AuthManager.swift */,
				8597A7DB2804276200C97BF4 /* DatabaseManager.swift */,
				8597A7DD2804277200C97BF4 /* StorageManager.swift */,
				8597A7DF2804278000C97BF4 /* Extensions.swift */,
			);
			path = Resources;
			sourceTree = "<group>";
		};
		8597A7B8280423AC00C97BF4 /* Storyboards */ = {
			isa = PBXGroup;
			children = (
				8597A7A6280422F000C97BF4 /* Main.storyboard */,
				8597A7AB280422F100C97BF4 /* LaunchScreen.storyboard */,
			);
			path = Storyboards;
			sourceTree = "<group>";
		};
		8597A7B9280423F300C97BF4 /* Core Tabs */ = {
			isa = PBXGroup;
			children = (
				8597A7C9280426C900C97BF4 /* OrdersVC.swift */,
				8597A7CB280426DA00C97BF4 /* MyMarketVC.swift */,
				8597A7CD280426E600C97BF4 /* SettingsVC.swift */,
			);
			path = "Core Tabs";
			sourceTree = "<group>";
		};
		8597A7BA2804240200C97BF4 /* Other */ = {
			isa = PBXGroup;
			children = (
				8597A7BB2804240E00C97BF4 /* Onboarding */,
			);
			path = Other;
			sourceTree = "<group>";
		};
		8597A7BB2804240E00C97BF4 /* Onboarding */ = {
			isa = PBXGroup;
			children = (
				8597A7C52804269A00C97BF4 /* SignInVC.swift */,
				8597A7C7280426A500C97BF4 /* SignUpVC.swift */,
			);
			path = Onboarding;
			sourceTree = "<group>";
		};
		8597A7BC2804241F00C97BF4 /* General */ = {
			isa = PBXGroup;
			children = (
				85543784280974480069A811 /* NewProductVC.swift */,
			);
			path = General;
			sourceTree = "<group>";
		};
		8597A7BD2804242D00C97BF4 /* Customer */ = {
			isa = PBXGroup;
			children = (
				8597A7BF2804253600C97BF4 /* General */,
				8597A7C02804253C00C97BF4 /* Core Tabs */,
			);
			path = Customer;
			sourceTree = "<group>";
		};
		8597A7BE2804244500C97BF4 /* Dealer */ = {
			isa = PBXGroup;
			children = (
				8597A7BC2804241F00C97BF4 /* General */,
				8597A7B9280423F300C97BF4 /* Core Tabs */,
			);
			path = Dealer;
			sourceTree = "<group>";
		};
		8597A7BF2804253600C97BF4 /* General */ = {
			isa = PBXGroup;
			children = (
				8511FF2B2838129B0093840F /* NewOrderVC.swift */,
				8511FF2D283830610093840F /* FavoriteStoresViewController.swift */,
			);
			path = General;
			sourceTree = "<group>";
		};
		8597A7C02804253C00C97BF4 /* Core Tabs */ = {
			isa = PBXGroup;
			children = (
				8597A7CF2804270600C97BF4 /* OrderViewController.swift */,
				8597A7D12804271F00C97BF4 /* MapViewController.swift */,
				8597A7D32804272C00C97BF4 /* CartViewController.swift */,
				8597A7D52804273600C97BF4 /* ProfileViewController.swift */,
			);
			path = "Core Tabs";
			sourceTree = "<group>";
		};
		85E4368528563638003CCC6C /* General */ = {
			isa = PBXGroup;
			children = (
				85E4368728563651003CCC6C /* Dealer */,
				85E4368628563646003CCC6C /* Customer */,
			);
			path = General;
			sourceTree = "<group>";
		};
		85E4368628563646003CCC6C /* Customer */ = {
			isa = PBXGroup;
			children = (
				85A4A0BC28416DE500E825FA /* AlertAnimate.swift */,
				85FCFCCB284CDC7800B4F9EA /* OrderDetail.swift */,
			);
			path = Customer;
			sourceTree = "<group>";
		};
		85E4368728563651003CCC6C /* Dealer */ = {
			isa = PBXGroup;
			children = (
				85ECD8D128511E6700EFBC5D /* OrderDetailChange.swift */,
				85D91E922851F11700F6B8B9 /* ShowMap.swift */,
				85D91E9428522E5E00F6B8B9 /* CustomerDetail.swift */,
			);
			path = Dealer;
			sourceTree = "<group>";
		};
		85FB35D22811897D00E7E5CF /* Dealer Cells */ = {
			isa = PBXGroup;
			children = (
				85FB35D82811938200E7E5CF /* Collection View Cells */,
				85FB35D72811937700E7E5CF /* Table View Cells */,
			);
			path = "Dealer Cells";
			sourceTree = "<group>";
		};
		85FB35D72811937700E7E5CF /* Table View Cells */ = {
			isa = PBXGroup;
			children = (
				855E1D7D2806E670001BC90D /* MyStoreCategoryTVCell.swift */,
				85FB35D3281189D000E7E5CF /* ProductTableViewCell.swift */,
				85FB35D4281189D000E7E5CF /* ProductTableViewCell.xib */,
			);
			path = "Table View Cells";
			sourceTree = "<group>";
		};
		85FB35D82811938200E7E5CF /* Collection View Cells */ = {
			isa = PBXGroup;
			children = (
				85FB35D9281193B700E7E5CF /* ProductsCollectionViewCell.swift */,
				85FB35DA281193B700E7E5CF /* ProductsCollectionViewCell.xib */,
			);
			path = "Collection View Cells";
			sourceTree = "<group>";
		};
		B0BD8EB196C3715E0CD97839 /* Pods */ = {
			isa = PBXGroup;
			children = (
				BC90E8C3974BE25E6F8BDC74 /* Pods-bakal.debug.xcconfig */,
				8BC06C602C09CB634FC0064B /* Pods-bakal.release.xcconfig */,
			);
			path = Pods;
			sourceTree = "<group>";
		};
/* End PBXGroup section */

/* Begin PBXNativeTarget section */
		8597A79C280422F000C97BF4 /* bakal */ = {
			isa = PBXNativeTarget;
			buildConfigurationList = 8597A7B1280422F100C97BF4 /* Build configuration list for PBXNativeTarget "bakal" */;
			buildPhases = (
				E1999D1CA0D7DFC034430AEE /* [CP] Check Pods Manifest.lock */,
				8597A799280422F000C97BF4 /* Sources */,
				8597A79A280422F000C97BF4 /* Frameworks */,
				8597A79B280422F000C97BF4 /* Resources */,
				A3E8DBC790935AD0A02A494A /* [CP] Embed Pods Frameworks */,
			);
			buildRules = (
			);
			dependencies = (
			);
			name = bakal;
			productName = bakal;
			productReference = 8597A79D280422F000C97BF4 /* bakal.app */;
			productType = "com.apple.product-type.application";
		};
/* End PBXNativeTarget section */

/* Begin PBXProject section */
		8597A795280422F000C97BF4 /* Project object */ = {
			isa = PBXProject;
			attributes = {
				BuildIndependentTargetsInParallel = 1;
				LastSwiftUpdateCheck = 1330;
				LastUpgradeCheck = 1330;
				TargetAttributes = {
					8597A79C280422F000C97BF4 = {
						CreatedOnToolsVersion = 13.3;
					};
				};
			};
			buildConfigurationList = 8597A798280422F000C97BF4 /* Build configuration list for PBXProject "bakal" */;
			compatibilityVersion = "Xcode 13.0";
			developmentRegion = en;
			hasScannedForEncodings = 0;
			knownRegions = (
				en,
				Base,
			);
			mainGroup = 8597A794280422F000C97BF4;
			productRefGroup = 8597A79E280422F000C97BF4 /* Products */;
			projectDirPath = "";
			projectRoot = "";
			targets = (
				8597A79C280422F000C97BF4 /* bakal */,
			);
		};
/* End PBXProject section */

/* Begin PBXResourcesBuildPhase section */
		8597A79B280422F000C97BF4 /* Resources */ = {
			isa = PBXResourcesBuildPhase;
			buildActionMask = 2147483647;
			files = (
				85FB35DC281193B700E7E5CF /* ProductsCollectionViewCell.xib in Resources */,
				8597A7AD280422F100C97BF4 /* LaunchScreen.storyboard in Resources */,
				853FDF6D280453F700F8A2A7 /* GoogleService-Info.plist in Resources */,
				85FB35D6281189D000E7E5CF /* ProductTableViewCell.xib in Resources */,
				8597A7AA280422F100C97BF4 /* Assets.xcassets in Resources */,
				8597A7A8280422F000C97BF4 /* Main.storyboard in Resources */,
			);
			runOnlyForDeploymentPostprocessing = 0;
		};
/* End PBXResourcesBuildPhase section */

/* Begin PBXShellScriptBuildPhase section */
		A3E8DBC790935AD0A02A494A /* [CP] Embed Pods Frameworks */ = {
			isa = PBXShellScriptBuildPhase;
			buildActionMask = 2147483647;
			files = (
			);
			inputFileListPaths = (
				"${PODS_ROOT}/Target Support Files/Pods-bakal/Pods-bakal-frameworks-${CONFIGURATION}-input-files.xcfilelist",
			);
			name = "[CP] Embed Pods Frameworks";
			outputFileListPaths = (
				"${PODS_ROOT}/Target Support Files/Pods-bakal/Pods-bakal-frameworks-${CONFIGURATION}-output-files.xcfilelist",
			);
			runOnlyForDeploymentPostprocessing = 0;
			shellPath = /bin/sh;
			shellScript = "\"${PODS_ROOT}/Target Support Files/Pods-bakal/Pods-bakal-frameworks.sh\"\n";
			showEnvVarsInLog = 0;
		};
		E1999D1CA0D7DFC034430AEE /* [CP] Check Pods Manifest.lock */ = {
			isa = PBXShellScriptBuildPhase;
			buildActionMask = 2147483647;
			files = (
			);
			inputFileListPaths = (
			);
			inputPaths = (
				"${PODS_PODFILE_DIR_PATH}/Podfile.lock",
				"${PODS_ROOT}/Manifest.lock",
			);
			name = "[CP] Check Pods Manifest.lock";
			outputFileListPaths = (
			);
			outputPaths = (
				"$(DERIVED_FILE_DIR)/Pods-bakal-checkManifestLockResult.txt",
			);
			runOnlyForDeploymentPostprocessing = 0;
			shellPath = /bin/sh;
			shellScript = "diff \"${PODS_PODFILE_DIR_PATH}/Podfile.lock\" \"${PODS_ROOT}/Manifest.lock\" > /dev/null\nif [ $? != 0 ] ; then\n    # print error to STDERR\n    echo \"error: The sandbox is not in sync with the Podfile.lock. Run 'pod install' or update your CocoaPods installation.\" >&2\n    exit 1\nfi\n# This output is used by Xcode 'outputs' to avoid re-running this script phase.\necho \"SUCCESS\" > \"${SCRIPT_OUTPUT_FILE_0}\"\n";
			showEnvVarsInLog = 0;
		};
/* End PBXShellScriptBuildPhase section */

/* Begin PBXSourcesBuildPhase section */
		8597A799280422F000C97BF4 /* Sources */ = {
			isa = PBXSourcesBuildPhase;
			buildActionMask = 2147483647;
			files = (
				8597A7C8280426A500C97BF4 /* SignUpVC.swift in Sources */,
				85543785280974480069A811 /* NewProductVC.swift in Sources */,
				85ECD8D228511E6700EFBC5D /* OrderDetailChange.swift in Sources */,
				8597A7CA280426C900C97BF4 /* OrdersVC.swift in Sources */,
				85FB35D5281189D000E7E5CF /* ProductTableViewCell.swift in Sources */,
				8597A7CC280426DA00C97BF4 /* MyMarketVC.swift in Sources */,
				8597A7DA2804275A00C97BF4 /* AuthManager.swift in Sources */,
				8597A7D82804274700C97BF4 /* Models.swift in Sources */,
				85D91E9528522E5E00F6B8B9 /* CustomerDetail.swift in Sources */,
				85FCFCCC284CDC7900B4F9EA /* OrderDetail.swift in Sources */,
				8597A7D22804271F00C97BF4 /* MapViewController.swift in Sources */,
				85DA035E283D0F590085C45C /* HeaderCollectionReusableView.swift in Sources */,
				85FCFCCE284CF51300B4F9EA /* OrderTableViewCell.swift in Sources */,
				85A4A0BB284108DE00E825FA /* CartTableViewCell.swift in Sources */,
				8511FF2E283830610093840F /* FavoriteStoresViewController.swift in Sources */,
				8597A7DC2804276200C97BF4 /* DatabaseManager.swift in Sources */,
				85DA035B283D0BA90085C45C /* ProductCollectionViewCell.swift in Sources */,
				8597A7A1280422F000C97BF4 /* AppDelegate.swift in Sources */,
				8597A7A3280422F000C97BF4 /* SceneDelegate.swift in Sources */,
				8511FF2C2838129B0093840F /* NewOrderVC.swift in Sources */,
				8597A7D62804273600C97BF4 /* ProfileViewController.swift in Sources */,
				8597A7C62804269A00C97BF4 /* SignInVC.swift in Sources */,
				8597A7E02804278000C97BF4 /* Extensions.swift in Sources */,
				85A4A0BD28416DE500E825FA /* AlertAnimate.swift in Sources */,
				8597A7CE280426E600C97BF4 /* SettingsVC.swift in Sources */,
				8597A7DE2804277200C97BF4 /* StorageManager.swift in Sources */,
				85FB35DB281193B700E7E5CF /* ProductsCollectionViewCell.swift in Sources */,
				8597A7D42804272C00C97BF4 /* CartViewController.swift in Sources */,
				855E1D7E2806E670001BC90D /* MyStoreCategoryTVCell.swift in Sources */,
				8597A7D02804270600C97BF4 /* OrderViewController.swift in Sources */,
				85D91E932851F11700F6B8B9 /* ShowMap.swift in Sources */,
			);
			runOnlyForDeploymentPostprocessing = 0;
		};
/* End PBXSourcesBuildPhase section */

/* Begin PBXVariantGroup section */
		8597A7A6280422F000C97BF4 /* Main.storyboard */ = {
			isa = PBXVariantGroup;
			children = (
				8597A7A7280422F000C97BF4 /* Base */,
			);
			name = Main.storyboard;
			sourceTree = "<group>";
		};
		8597A7AB280422F100C97BF4 /* LaunchScreen.storyboard */ = {
			isa = PBXVariantGroup;
			children = (
				8597A7AC280422F100C97BF4 /* Base */,
			);
			name = LaunchScreen.storyboard;
			sourceTree = "<group>";
		};
/* End PBXVariantGroup section */

/* Begin XCBuildConfiguration section */
		8597A7AF280422F100C97BF4 /* Debug */ = {
			isa = XCBuildConfiguration;
			buildSettings = {
				ALWAYS_SEARCH_USER_PATHS = NO;
				CLANG_ANALYZER_NONNULL = YES;
				CLANG_ANALYZER_NUMBER_OBJECT_CONVERSION = YES_AGGRESSIVE;
				CLANG_CXX_LANGUAGE_STANDARD = "gnu++17";
				CLANG_ENABLE_MODULES = YES;
				CLANG_ENABLE_OBJC_ARC = YES;
				CLANG_ENABLE_OBJC_WEAK = YES;
				CLANG_WARN_BLOCK_CAPTURE_AUTORELEASING = YES;
				CLANG_WARN_BOOL_CONVERSION = YES;
				CLANG_WARN_COMMA = YES;
				CLANG_WARN_CONSTANT_CONVERSION = YES;
				CLANG_WARN_DEPRECATED_OBJC_IMPLEMENTATIONS = YES;
				CLANG_WARN_DIRECT_OBJC_ISA_USAGE = YES_ERROR;
				CLANG_WARN_DOCUMENTATION_COMMENTS = YES;
				CLANG_WARN_EMPTY_BODY = YES;
				CLANG_WARN_ENUM_CONVERSION = YES;
				CLANG_WARN_INFINITE_RECURSION = YES;
				CLANG_WARN_INT_CONVERSION = YES;
				CLANG_WARN_NON_LITERAL_NULL_CONVERSION = YES;
				CLANG_WARN_OBJC_IMPLICIT_RETAIN_SELF = YES;
				CLANG_WARN_OBJC_LITERAL_CONVERSION = YES;
				CLANG_WARN_OBJC_ROOT_CLASS = YES_ERROR;
				CLANG_WARN_QUOTED_INCLUDE_IN_FRAMEWORK_HEADER = YES;
				CLANG_WARN_RANGE_LOOP_ANALYSIS = YES;
				CLANG_WARN_STRICT_PROTOTYPES = YES;
				CLANG_WARN_SUSPICIOUS_MOVE = YES;
				CLANG_WARN_UNGUARDED_AVAILABILITY = YES_AGGRESSIVE;
				CLANG_WARN_UNREACHABLE_CODE = YES;
				CLANG_WARN__DUPLICATE_METHOD_MATCH = YES;
				COPY_PHASE_STRIP = NO;
				DEBUG_INFORMATION_FORMAT = dwarf;
				ENABLE_STRICT_OBJC_MSGSEND = YES;
				ENABLE_TESTABILITY = YES;
				EXCLUDED_ARCHS = "";
				GCC_C_LANGUAGE_STANDARD = gnu11;
				GCC_DYNAMIC_NO_PIC = NO;
				GCC_NO_COMMON_BLOCKS = YES;
				GCC_OPTIMIZATION_LEVEL = 0;
				GCC_PREPROCESSOR_DEFINITIONS = (
					"DEBUG=1",
					"$(inherited)",
				);
				GCC_WARN_64_TO_32_BIT_CONVERSION = YES;
				GCC_WARN_ABOUT_RETURN_TYPE = YES_ERROR;
				GCC_WARN_UNDECLARED_SELECTOR = YES;
				GCC_WARN_UNINITIALIZED_AUTOS = YES_AGGRESSIVE;
				GCC_WARN_UNUSED_FUNCTION = YES;
				GCC_WARN_UNUSED_VARIABLE = YES;
				IPHONEOS_DEPLOYMENT_TARGET = 15.4;
				MTL_ENABLE_DEBUG_INFO = INCLUDE_SOURCE;
				MTL_FAST_MATH = YES;
				ONLY_ACTIVE_ARCH = YES;
				SDKROOT = iphoneos;
				SWIFT_ACTIVE_COMPILATION_CONDITIONS = DEBUG;
				SWIFT_OPTIMIZATION_LEVEL = "-Onone";
			};
			name = Debug;
		};
		8597A7B0280422F100C97BF4 /* Release */ = {
			isa = XCBuildConfiguration;
			buildSettings = {
				ALWAYS_SEARCH_USER_PATHS = NO;
				CLANG_ANALYZER_NONNULL = YES;
				CLANG_ANALYZER_NUMBER_OBJECT_CONVERSION = YES_AGGRESSIVE;
				CLANG_CXX_LANGUAGE_STANDARD = "gnu++17";
				CLANG_ENABLE_MODULES = YES;
				CLANG_ENABLE_OBJC_ARC = YES;
				CLANG_ENABLE_OBJC_WEAK = YES;
				CLANG_WARN_BLOCK_CAPTURE_AUTORELEASING = YES;
				CLANG_WARN_BOOL_CONVERSION = YES;
				CLANG_WARN_COMMA = YES;
				CLANG_WARN_CONSTANT_CONVERSION = YES;
				CLANG_WARN_DEPRECATED_OBJC_IMPLEMENTATIONS = YES;
				CLANG_WARN_DIRECT_OBJC_ISA_USAGE = YES_ERROR;
				CLANG_WARN_DOCUMENTATION_COMMENTS = YES;
				CLANG_WARN_EMPTY_BODY = YES;
				CLANG_WARN_ENUM_CONVERSION = YES;
				CLANG_WARN_INFINITE_RECURSION = YES;
				CLANG_WARN_INT_CONVERSION = YES;
				CLANG_WARN_NON_LITERAL_NULL_CONVERSION = YES;
				CLANG_WARN_OBJC_IMPLICIT_RETAIN_SELF = YES;
				CLANG_WARN_OBJC_LITERAL_CONVERSION = YES;
				CLANG_WARN_OBJC_ROOT_CLASS = YES_ERROR;
				CLANG_WARN_QUOTED_INCLUDE_IN_FRAMEWORK_HEADER = YES;
				CLANG_WARN_RANGE_LOOP_ANALYSIS = YES;
				CLANG_WARN_STRICT_PROTOTYPES = YES;
				CLANG_WARN_SUSPICIOUS_MOVE = YES;
				CLANG_WARN_UNGUARDED_AVAILABILITY = YES_AGGRESSIVE;
				CLANG_WARN_UNREACHABLE_CODE = YES;
				CLANG_WARN__DUPLICATE_METHOD_MATCH = YES;
				COPY_PHASE_STRIP = NO;
				DEBUG_INFORMATION_FORMAT = "dwarf-with-dsym";
				ENABLE_NS_ASSERTIONS = NO;
				ENABLE_STRICT_OBJC_MSGSEND = YES;
				EXCLUDED_ARCHS = "";
				GCC_C_LANGUAGE_STANDARD = gnu11;
				GCC_NO_COMMON_BLOCKS = YES;
				GCC_WARN_64_TO_32_BIT_CONVERSION = YES;
				GCC_WARN_ABOUT_RETURN_TYPE = YES_ERROR;
				GCC_WARN_UNDECLARED_SELECTOR = YES;
				GCC_WARN_UNINITIALIZED_AUTOS = YES_AGGRESSIVE;
				GCC_WARN_UNUSED_FUNCTION = YES;
				GCC_WARN_UNUSED_VARIABLE = YES;
				IPHONEOS_DEPLOYMENT_TARGET = 15.4;
				MTL_ENABLE_DEBUG_INFO = NO;
				MTL_FAST_MATH = YES;
				ONLY_ACTIVE_ARCH = YES;
				SDKROOT = iphoneos;
				SWIFT_COMPILATION_MODE = wholemodule;
				SWIFT_OPTIMIZATION_LEVEL = "-O";
				VALIDATE_PRODUCT = YES;
			};
			name = Release;
		};
		8597A7B2280422F100C97BF4 /* Debug */ = {
			isa = XCBuildConfiguration;
			baseConfigurationReference = BC90E8C3974BE25E6F8BDC74 /* Pods-bakal.debug.xcconfig */;
			buildSettings = {
				ASSETCATALOG_COMPILER_APPICON_NAME = AppIcon;
				ASSETCATALOG_COMPILER_GLOBAL_ACCENT_COLOR_NAME = AccentColor;
				CODE_SIGN_STYLE = Automatic;
				CURRENT_PROJECT_VERSION = 1;
				DEVELOPMENT_TEAM = N4RY885YC8;
				GENERATE_INFOPLIST_FILE = YES;
				INFOPLIST_FILE = bakal/Info.plist;
				INFOPLIST_KEY_UIApplicationSupportsIndirectInputEvents = YES;
				INFOPLIST_KEY_UILaunchStoryboardName = LaunchScreen;
				INFOPLIST_KEY_UIMainStoryboardFile = Main;
				INFOPLIST_KEY_UISupportedInterfaceOrientations = UIInterfaceOrientationPortrait;
				INFOPLIST_KEY_UISupportedInterfaceOrientations_iPad = "UIInterfaceOrientationPortrait UIInterfaceOrientationPortraitUpsideDown UIInterfaceOrientationLandscapeLeft UIInterfaceOrientationLandscapeRight";
				INFOPLIST_KEY_UISupportedInterfaceOrientations_iPhone = "UIInterfaceOrientationPortrait UIInterfaceOrientationLandscapeLeft UIInterfaceOrientationLandscapeRight";
				LD_RUNPATH_SEARCH_PATHS = (
					"$(inherited)",
					"@executable_path/Frameworks",
				);
				MARKETING_VERSION = 1.0;
				OTHER_LDFLAGS = (
					"$(inherited)",
					"-ObjC",
					"-l\"c++\"",
					"-l\"sqlite3\"",
					"-l\"z\"",
				);
				PRODUCT_BUNDLE_IDENTIFIER = com.FazilKulakoglu.bakal;
				PRODUCT_NAME = "$(TARGET_NAME)";
				SWIFT_EMIT_LOC_STRINGS = YES;
				SWIFT_VERSION = 5.0;
				TARGETED_DEVICE_FAMILY = 1;
			};
			name = Debug;
		};
		8597A7B3280422F100C97BF4 /* Release */ = {
			isa = XCBuildConfiguration;
			baseConfigurationReference = 8BC06C602C09CB634FC0064B /* Pods-bakal.release.xcconfig */;
			buildSettings = {
				ASSETCATALOG_COMPILER_APPICON_NAME = AppIcon;
				ASSETCATALOG_COMPILER_GLOBAL_ACCENT_COLOR_NAME = AccentColor;
				CODE_SIGN_STYLE = Automatic;
				CURRENT_PROJECT_VERSION = 1;
				DEVELOPMENT_TEAM = N4RY885YC8;
				GENERATE_INFOPLIST_FILE = YES;
				INFOPLIST_FILE = bakal/Info.plist;
				INFOPLIST_KEY_UIApplicationSupportsIndirectInputEvents = YES;
				INFOPLIST_KEY_UILaunchStoryboardName = LaunchScreen;
				INFOPLIST_KEY_UIMainStoryboardFile = Main;
				INFOPLIST_KEY_UISupportedInterfaceOrientations = UIInterfaceOrientationPortrait;
				INFOPLIST_KEY_UISupportedInterfaceOrientations_iPad = "UIInterfaceOrientationPortrait UIInterfaceOrientationPortraitUpsideDown UIInterfaceOrientationLandscapeLeft UIInterfaceOrientationLandscapeRight";
				INFOPLIST_KEY_UISupportedInterfaceOrientations_iPhone = "UIInterfaceOrientationPortrait UIInterfaceOrientationLandscapeLeft UIInterfaceOrientationLandscapeRight";
				LD_RUNPATH_SEARCH_PATHS = (
					"$(inherited)",
					"@executable_path/Frameworks",
				);
				MARKETING_VERSION = 1.0;
				OTHER_LDFLAGS = (
					"$(inherited)",
					"-ObjC",
					"-l\"c++\"",
					"-l\"sqlite3\"",
					"-l\"z\"",
				);
				PRODUCT_BUNDLE_IDENTIFIER = com.FazilKulakoglu.bakal;
				PRODUCT_NAME = "$(TARGET_NAME)";
				SWIFT_EMIT_LOC_STRINGS = YES;
				SWIFT_VERSION = 5.0;
				TARGETED_DEVICE_FAMILY = 1;
			};
			name = Release;
		};
/* End XCBuildConfiguration section */

/* Begin XCConfigurationList section */
		8597A798280422F000C97BF4 /* Build configuration list for PBXProject "bakal" */ = {
			isa = XCConfigurationList;
			buildConfigurations = (
				8597A7AF280422F100C97BF4 /* Debug */,
				8597A7B0280422F100C97BF4 /* Release */,
			);
			defaultConfigurationIsVisible = 0;
			defaultConfigurationName = Release;
		};
		8597A7B1280422F100C97BF4 /* Build configuration list for PBXNativeTarget "bakal" */ = {
			isa = XCConfigurationList;
			buildConfigurations = (
				8597A7B2280422F100C97BF4 /* Debug */,
				8597A7B3280422F100C97BF4 /* Release */,
			);
			defaultConfigurationIsVisible = 0;
			defaultConfigurationName = Release;
		};
/* End XCConfigurationList section */
	};
	rootObject = 8597A795280422F000C97BF4 /* Project object */;
}
